// !$*UTF8*$!
{
	archiveVersion = 1;
	classes = {
	};
	objectVersion = 56;
	objects = {

/* Begin PBXBuildFile section */
		315AE2C32D04878F00967F1F /* AppDelegate.swift in Sources */ = {isa = PBXBuildFile; fileRef = 315AE2C22D04878F00967F1F /* AppDelegate.swift */; };
		315AE2C52D04878F00967F1F /* SceneDelegate.swift in Sources */ = {isa = PBXBuildFile; fileRef = 315AE2C42D04878F00967F1F /* SceneDelegate.swift */; };
		315AE2C72D04878F00967F1F /* TranslatorView.swift in Sources */ = {isa = PBXBuildFile; fileRef = 315AE2C62D04878F00967F1F /* TranslatorView.swift */; };
		315AE2CC2D04879000967F1F /* Assets.xcassets in Resources */ = {isa = PBXBuildFile; fileRef = 315AE2CB2D04879000967F1F /* Assets.xcassets */; };
		315AE2CF2D04879000967F1F /* Base in Resources */ = {isa = PBXBuildFile; fileRef = 315AE2CE2D04879000967F1F /* Base */; };
		315AE2D92D04C0AB00967F1F /* UIColorExtension.swift in Sources */ = {isa = PBXBuildFile; fileRef = 315AE2D82D04C0AB00967F1F /* UIColorExtension.swift */; };
		315AE2DE2D05926700967F1F /* LanguageButtons.swift in Sources */ = {isa = PBXBuildFile; fileRef = 315AE2DD2D05926700967F1F /* LanguageButtons.swift */; };
		315AE2E02D05929400967F1F /* InputButtons.swift in Sources */ = {isa = PBXBuildFile; fileRef = 315AE2DF2D05929400967F1F /* InputButtons.swift */; };
		315AE2E22D0592D900967F1F /* TranslationTextFields.swift in Sources */ = {isa = PBXBuildFile; fileRef = 315AE2E12D0592D900967F1F /* TranslationTextFields.swift */; };
		315AE2E42D05BBBB00967F1F /* AppBarButtons.swift in Sources */ = {isa = PBXBuildFile; fileRef = 315AE2E32D05BBBB00967F1F /* AppBarButtons.swift */; };
		8501AC992D0CBE090089C927 /* SavedTranslationsViewController.swift in Sources */ = {isa = PBXBuildFile; fileRef = 8501AC982D0CBE090089C927 /* SavedTranslationsViewController.swift */; };
		8501AC9B2D0CBE1F0089C927 /* TranslationTableViewCell.swift in Sources */ = {isa = PBXBuildFile; fileRef = 8501AC9A2D0CBE1F0089C927 /* TranslationTableViewCell.swift */; };
		8501AC9D2D0CC12A0089C927 /* TranslationItem.swift in Sources */ = {isa = PBXBuildFile; fileRef = 8501AC9C2D0CC12A0089C927 /* TranslationItem.swift */; };
		CB412B6F1B497262D8BB75FD /* Pods_translator.framework in Frameworks */ = {isa = PBXBuildFile; fileRef = C966FBC65DC95B51681FBD1F /* Pods_translator.framework */; };
/* End PBXBuildFile section */

/* Begin PBXFileReference section */
		315AE2BF2D04878F00967F1F /* translator.app */ = {isa = PBXFileReference; explicitFileType = wrapper.application; includeInIndex = 0; path = translator.app; sourceTree = BUILT_PRODUCTS_DIR; };
		315AE2C22D04878F00967F1F /* AppDelegate.swift */ = {isa = PBXFileReference; lastKnownFileType = sourcecode.swift; path = AppDelegate.swift; sourceTree = "<group>"; };
		315AE2C42D04878F00967F1F /* SceneDelegate.swift */ = {isa = PBXFileReference; lastKnownFileType = sourcecode.swift; path = SceneDelegate.swift; sourceTree = "<group>"; };
		315AE2C62D04878F00967F1F /* TranslatorView.swift */ = {isa = PBXFileReference; lastKnownFileType = sourcecode.swift; path = TranslatorView.swift; sourceTree = "<group>"; };
		315AE2CB2D04879000967F1F /* Assets.xcassets */ = {isa = PBXFileReference; lastKnownFileType = folder.assetcatalog; path = Assets.xcassets; sourceTree = "<group>"; };
		315AE2CE2D04879000967F1F /* Base */ = {isa = PBXFileReference; lastKnownFileType = file.storyboard; name = Base; path = Base.lproj/LaunchScreen.storyboard; sourceTree = "<group>"; };
		315AE2D02D04879000967F1F /* Info.plist */ = {isa = PBXFileReference; lastKnownFileType = text.plist.xml; path = Info.plist; sourceTree = "<group>"; };
		315AE2D82D04C0AB00967F1F /* UIColorExtension.swift */ = {isa = PBXFileReference; lastKnownFileType = sourcecode.swift; path = UIColorExtension.swift; sourceTree = "<group>"; };
		315AE2DD2D05926700967F1F /* LanguageButtons.swift */ = {isa = PBXFileReference; lastKnownFileType = sourcecode.swift; path = LanguageButtons.swift; sourceTree = "<group>"; };
		315AE2DF2D05929400967F1F /* InputButtons.swift */ = {isa = PBXFileReference; lastKnownFileType = sourcecode.swift; path = InputButtons.swift; sourceTree = "<group>"; };
		315AE2E12D0592D900967F1F /* TranslationTextFields.swift */ = {isa = PBXFileReference; lastKnownFileType = sourcecode.swift; path = TranslationTextFields.swift; sourceTree = "<group>"; };
		315AE2E32D05BBBB00967F1F /* AppBarButtons.swift */ = {isa = PBXFileReference; lastKnownFileType = sourcecode.swift; path = AppBarButtons.swift; sourceTree = "<group>"; };
		8501AC982D0CBE090089C927 /* SavedTranslationsViewController.swift */ = {isa = PBXFileReference; lastKnownFileType = sourcecode.swift; path = SavedTranslationsViewController.swift; sourceTree = "<group>"; };
		8501AC9A2D0CBE1F0089C927 /* TranslationTableViewCell.swift */ = {isa = PBXFileReference; lastKnownFileType = sourcecode.swift; path = TranslationTableViewCell.swift; sourceTree = "<group>"; };
		8501AC9C2D0CC12A0089C927 /* TranslationItem.swift */ = {isa = PBXFileReference; lastKnownFileType = sourcecode.swift; path = TranslationItem.swift; sourceTree = "<group>"; };
		B1CC3518BFD87A798FADAE50 /* Pods-translator.debug.xcconfig */ = {isa = PBXFileReference; includeInIndex = 1; lastKnownFileType = text.xcconfig; name = "Pods-translator.debug.xcconfig"; path = "Target Support Files/Pods-translator/Pods-translator.debug.xcconfig"; sourceTree = "<group>"; };
		C966FBC65DC95B51681FBD1F /* Pods_translator.framework */ = {isa = PBXFileReference; explicitFileType = wrapper.framework; includeInIndex = 0; path = Pods_translator.framework; sourceTree = BUILT_PRODUCTS_DIR; };
		F74A7F5AAEC8AC570FCA5917 /* Pods-translator.release.xcconfig */ = {isa = PBXFileReference; includeInIndex = 1; lastKnownFileType = text.xcconfig; name = "Pods-translator.release.xcconfig"; path = "Target Support Files/Pods-translator/Pods-translator.release.xcconfig"; sourceTree = "<group>"; };
/* End PBXFileReference section */

/* Begin PBXFrameworksBuildPhase section */
		315AE2BC2D04878F00967F1F /* Frameworks */ = {
			isa = PBXFrameworksBuildPhase;
			buildActionMask = 2147483647;
			files = (
				CB412B6F1B497262D8BB75FD /* Pods_translator.framework in Frameworks */,
			);
			runOnlyForDeploymentPostprocessing = 0;
		};
/* End PBXFrameworksBuildPhase section */

/* Begin PBXGroup section */
		23CD94DA3D31823F0268EADA /* Pods */ = {
			isa = PBXGroup;
			children = (
				B1CC3518BFD87A798FADAE50 /* Pods-translator.debug.xcconfig */,
				F74A7F5AAEC8AC570FCA5917 /* Pods-translator.release.xcconfig */,
			);
			path = Pods;
			sourceTree = "<group>";
		};
		315AE2B62D04878F00967F1F = {
			isa = PBXGroup;
			children = (
				315AE2C12D04878F00967F1F /* translator */,
				315AE2C02D04878F00967F1F /* Products */,
				23CD94DA3D31823F0268EADA /* Pods */,
				8E57844E872346724751BC07 /* Frameworks */,
			);
			sourceTree = "<group>";
		};
		315AE2C02D04878F00967F1F /* Products */ = {
			isa = PBXGroup;
			children = (
				315AE2BF2D04878F00967F1F /* translator.app */,
			);
			name = Products;
			sourceTree = "<group>";
		};
		315AE2C12D04878F00967F1F /* translator */ = {
			isa = PBXGroup;
			children = (
				315AE2D72D048B6000967F1F /* Data */,
				315AE2D62D048B5800967F1F /* View */,
				315AE2C22D04878F00967F1F /* AppDelegate.swift */,
				315AE2C42D04878F00967F1F /* SceneDelegate.swift */,
				315AE2CB2D04879000967F1F /* Assets.xcassets */,
				315AE2CD2D04879000967F1F /* LaunchScreen.storyboard */,
				315AE2D02D04879000967F1F /* Info.plist */,
			);
			path = translator;
			sourceTree = "<group>";
		};
		315AE2D62D048B5800967F1F /* View */ = {
			isa = PBXGroup;
			children = (
				8501AC972D0CBDED0089C927 /* SavedTranslations */,
				315AE2DC2D05925300967F1F /* TranslatorView */,
				315AE2D82D04C0AB00967F1F /* UIColorExtension.swift */,
			);
			path = View;
			sourceTree = "<group>";
		};
		315AE2D72D048B6000967F1F /* Data */ = {
			isa = PBXGroup;
			children = (
			);
			path = Data;
			sourceTree = "<group>";
		};
		315AE2DC2D05925300967F1F /* TranslatorView */ = {
			isa = PBXGroup;
			children = (
				315AE2C62D04878F00967F1F /* TranslatorView.swift */,
				315AE2DD2D05926700967F1F /* LanguageButtons.swift */,
				315AE2DF2D05929400967F1F /* InputButtons.swift */,
				315AE2E12D0592D900967F1F /* TranslationTextFields.swift */,
				315AE2E32D05BBBB00967F1F /* AppBarButtons.swift */,
			);
			path = TranslatorView;
			sourceTree = "<group>";
		};
		8501AC972D0CBDED0089C927 /* SavedTranslations */ = {
			isa = PBXGroup;
			children = (
				8501AC982D0CBE090089C927 /* SavedTranslationsViewController.swift */,
				8501AC9A2D0CBE1F0089C927 /* TranslationTableViewCell.swift */,
				8501AC9C2D0CC12A0089C927 /* TranslationItem.swift */,
			);
			path = SavedTranslations;
			sourceTree = "<group>";
		};
		8E57844E872346724751BC07 /* Frameworks */ = {
			isa = PBXGroup;
			children = (
				C966FBC65DC95B51681FBD1F /* Pods_translator.framework */,
			);
			name = Frameworks;
			sourceTree = "<group>";
		};
/* End PBXGroup section */

/* Begin PBXNativeTarget section */
		315AE2BE2D04878F00967F1F /* translator */ = {
			isa = PBXNativeTarget;
			buildConfigurationList = 315AE2D32D04879000967F1F /* Build configuration list for PBXNativeTarget "translator" */;
			buildPhases = (
				6EFBEE713FD21876D16FF863 /* [CP] Check Pods Manifest.lock */,
				315AE2BB2D04878F00967F1F /* Sources */,
				315AE2BC2D04878F00967F1F /* Frameworks */,
				315AE2BD2D04878F00967F1F /* Resources */,
			);
			buildRules = (
			);
			dependencies = (
			);
			name = translator;
			productName = translator;
			productReference = 315AE2BF2D04878F00967F1F /* translator.app */;
			productType = "com.apple.product-type.application";
		};
/* End PBXNativeTarget section */

/* Begin PBXProject section */
		315AE2B72D04878F00967F1F /* Project object */ = {
			isa = PBXProject;
			attributes = {
				BuildIndependentTargetsInParallel = 1;
				LastSwiftUpdateCheck = 1540;
				LastUpgradeCheck = 1540;
				TargetAttributes = {
					315AE2BE2D04878F00967F1F = {
						CreatedOnToolsVersion = 15.4;
					};
				};
			};
			buildConfigurationList = 315AE2BA2D04878F00967F1F /* Build configuration list for PBXProject "translator" */;
			compatibilityVersion = "Xcode 14.0";
			developmentRegion = en;
			hasScannedForEncodings = 0;
			knownRegions = (
				en,
				Base,
			);
			mainGroup = 315AE2B62D04878F00967F1F;
			productRefGroup = 315AE2C02D04878F00967F1F /* Products */;
			projectDirPath = "";
			projectRoot = "";
			targets = (
				315AE2BE2D04878F00967F1F /* translator */,
			);
		};
/* End PBXProject section */

/* Begin PBXResourcesBuildPhase section */
		315AE2BD2D04878F00967F1F /* Resources */ = {
			isa = PBXResourcesBuildPhase;
			buildActionMask = 2147483647;
			files = (
				315AE2CC2D04879000967F1F /* Assets.xcassets in Resources */,
				315AE2CF2D04879000967F1F /* Base in Resources */,
			);
			runOnlyForDeploymentPostprocessing = 0;
		};
/* End PBXResourcesBuildPhase section */

/* Begin PBXShellScriptBuildPhase section */
		6EFBEE713FD21876D16FF863 /* [CP] Check Pods Manifest.lock */ = {
			isa = PBXShellScriptBuildPhase;
			buildActionMask = 2147483647;
			files = (
			);
			inputFileListPaths = (
			);
			inputPaths = (
				"${PODS_PODFILE_DIR_PATH}/Podfile.lock",
				"${PODS_ROOT}/Manifest.lock",
			);
			name = "[CP] Check Pods Manifest.lock";
			outputFileListPaths = (
			);
			outputPaths = (
				"$(DERIVED_FILE_DIR)/Pods-translator-checkManifestLockResult.txt",
			);
			runOnlyForDeploymentPostprocessing = 0;
			shellPath = /bin/sh;
			shellScript = "diff \"${PODS_PODFILE_DIR_PATH}/Podfile.lock\" \"${PODS_ROOT}/Manifest.lock\" > /dev/null\nif [ $? != 0 ] ; then\n    # print error to STDERR\n    echo \"error: The sandbox is not in sync with the Podfile.lock. Run 'pod install' or update your CocoaPods installation.\" >&2\n    exit 1\nfi\n# This output is used by Xcode 'outputs' to avoid re-running this script phase.\necho \"SUCCESS\" > \"${SCRIPT_OUTPUT_FILE_0}\"\n";
			showEnvVarsInLog = 0;
		};
/* End PBXShellScriptBuildPhase section */

/* Begin PBXSourcesBuildPhase section */
		315AE2BB2D04878F00967F1F /* Sources */ = {
			isa = PBXSourcesBuildPhase;
			buildActionMask = 2147483647;
			files = (
				315AE2E22D0592D900967F1F /* TranslationTextFields.swift in Sources */,
				315AE2E02D05929400967F1F /* InputButtons.swift in Sources */,
				315AE2C72D04878F00967F1F /* TranslatorView.swift in Sources */,
				8501AC9D2D0CC12A0089C927 /* TranslationItem.swift in Sources */,
				8501AC992D0CBE090089C927 /* SavedTranslationsViewController.swift in Sources */,
				315AE2E42D05BBBB00967F1F /* AppBarButtons.swift in Sources */,
				8501AC9B2D0CBE1F0089C927 /* TranslationTableViewCell.swift in Sources */,
				315AE2C32D04878F00967F1F /* AppDelegate.swift in Sources */,
				315AE2C52D04878F00967F1F /* SceneDelegate.swift in Sources */,
				315AE2DE2D05926700967F1F /* LanguageButtons.swift in Sources */,
				315AE2D92D04C0AB00967F1F /* UIColorExtension.swift in Sources */,
			);
			runOnlyForDeploymentPostprocessing = 0;
		};
/* End PBXSourcesBuildPhase section */

/* Begin PBXVariantGroup section */
		315AE2CD2D04879000967F1F /* LaunchScreen.storyboard */ = {
			isa = PBXVariantGroup;
			children = (
				315AE2CE2D04879000967F1F /* Base */,
			);
			name = LaunchScreen.storyboard;
			sourceTree = "<group>";
		};
/* End PBXVariantGroup section */

/* Begin XCBuildConfiguration section */
		315AE2D12D04879000967F1F /* Debug */ = {
			isa = XCBuildConfiguration;
			buildSettings = {
				ALWAYS_SEARCH_USER_PATHS = NO;
				ASSETCATALOG_COMPILER_GENERATE_SWIFT_ASSET_SYMBOL_EXTENSIONS = YES;
				CLANG_ANALYZER_NONNULL = YES;
				CLANG_ANALYZER_NUMBER_OBJECT_CONVERSION = YES_AGGRESSIVE;
				CLANG_CXX_LANGUAGE_STANDARD = "gnu++20";
				CLANG_ENABLE_MODULES = YES;
				CLANG_ENABLE_OBJC_ARC = YES;
				CLANG_ENABLE_OBJC_WEAK = YES;
				CLANG_WARN_BLOCK_CAPTURE_AUTORELEASING = YES;
				CLANG_WARN_BOOL_CONVERSION = YES;
				CLANG_WARN_COMMA = YES;
				CLANG_WARN_CONSTANT_CONVERSION = YES;
				CLANG_WARN_DEPRECATED_OBJC_IMPLEMENTATIONS = YES;
				CLANG_WARN_DIRECT_OBJC_ISA_USAGE = YES_ERROR;
				CLANG_WARN_DOCUMENTATION_COMMENTS = YES;
				CLANG_WARN_EMPTY_BODY = YES;
				CLANG_WARN_ENUM_CONVERSION = YES;
				CLANG_WARN_INFINITE_RECURSION = YES;
				CLANG_WARN_INT_CONVERSION = YES;
				CLANG_WARN_NON_LITERAL_NULL_CONVERSION = YES;
				CLANG_WARN_OBJC_IMPLICIT_RETAIN_SELF = YES;
				CLANG_WARN_OBJC_LITERAL_CONVERSION = YES;
				CLANG_WARN_OBJC_ROOT_CLASS = YES_ERROR;
				CLANG_WARN_QUOTED_INCLUDE_IN_FRAMEWORK_HEADER = YES;
				CLANG_WARN_RANGE_LOOP_ANALYSIS = YES;
				CLANG_WARN_STRICT_PROTOTYPES = YES;
				CLANG_WARN_SUSPICIOUS_MOVE = YES;
				CLANG_WARN_UNGUARDED_AVAILABILITY = YES_AGGRESSIVE;
				CLANG_WARN_UNREACHABLE_CODE = YES;
				CLANG_WARN__DUPLICATE_METHOD_MATCH = YES;
				COPY_PHASE_STRIP = NO;
				DEBUG_INFORMATION_FORMAT = dwarf;
				ENABLE_STRICT_OBJC_MSGSEND = YES;
				ENABLE_TESTABILITY = YES;
				ENABLE_USER_SCRIPT_SANDBOXING = YES;
				GCC_C_LANGUAGE_STANDARD = gnu17;
				GCC_DYNAMIC_NO_PIC = NO;
				GCC_NO_COMMON_BLOCKS = YES;
				GCC_OPTIMIZATION_LEVEL = 0;
				GCC_PREPROCESSOR_DEFINITIONS = (
					"DEBUG=1",
					"$(inherited)",
				);
				GCC_WARN_64_TO_32_BIT_CONVERSION = YES;
				GCC_WARN_ABOUT_RETURN_TYPE = YES_ERROR;
				GCC_WARN_UNDECLARED_SELECTOR = YES;
				GCC_WARN_UNINITIALIZED_AUTOS = YES_AGGRESSIVE;
				GCC_WARN_UNUSED_FUNCTION = YES;
				GCC_WARN_UNUSED_VARIABLE = YES;
				IPHONEOS_DEPLOYMENT_TARGET = 17.5;
				LOCALIZATION_PREFERS_STRING_CATALOGS = YES;
				MTL_ENABLE_DEBUG_INFO = INCLUDE_SOURCE;
				MTL_FAST_MATH = YES;
				ONLY_ACTIVE_ARCH = YES;
				SDKROOT = iphoneos;
				SWIFT_ACTIVE_COMPILATION_CONDITIONS = "DEBUG $(inherited)";
				SWIFT_OPTIMIZATION_LEVEL = "-Onone";
			};
			name = Debug;
		};
		315AE2D22D04879000967F1F /* Release */ = {
			isa = XCBuildConfiguration;
			buildSettings = {
				ALWAYS_SEARCH_USER_PATHS = NO;
				ASSETCATALOG_COMPILER_GENERATE_SWIFT_ASSET_SYMBOL_EXTENSIONS = YES;
				CLANG_ANALYZER_NONNULL = YES;
				CLANG_ANALYZER_NUMBER_OBJECT_CONVERSION = YES_AGGRESSIVE;
				CLANG_CXX_LANGUAGE_STANDARD = "gnu++20";
				CLANG_ENABLE_MODULES = YES;
				CLANG_ENABLE_OBJC_ARC = YES;
				CLANG_ENABLE_OBJC_WEAK = YES;
				CLANG_WARN_BLOCK_CAPTURE_AUTORELEASING = YES;
				CLANG_WARN_BOOL_CONVERSION = YES;
				CLANG_WARN_COMMA = YES;
				CLANG_WARN_CONSTANT_CONVERSION = YES;
				CLANG_WARN_DEPRECATED_OBJC_IMPLEMENTATIONS = YES;
				CLANG_WARN_DIRECT_OBJC_ISA_USAGE = YES_ERROR;
				CLANG_WARN_DOCUMENTATION_COMMENTS = YES;
				CLANG_WARN_EMPTY_BODY = YES;
				CLANG_WARN_ENUM_CONVERSION = YES;
				CLANG_WARN_INFINITE_RECURSION = YES;
				CLANG_WARN_INT_CONVERSION = YES;
				CLANG_WARN_NON_LITERAL_NULL_CONVERSION = YES;
				CLANG_WARN_OBJC_IMPLICIT_RETAIN_SELF = YES;
				CLANG_WARN_OBJC_LITERAL_CONVERSION = YES;
				CLANG_WARN_OBJC_ROOT_CLASS = YES_ERROR;
				CLANG_WARN_QUOTED_INCLUDE_IN_FRAMEWORK_HEADER = YES;
				CLANG_WARN_RANGE_LOOP_ANALYSIS = YES;
				CLANG_WARN_STRICT_PROTOTYPES = YES;
				CLANG_WARN_SUSPICIOUS_MOVE = YES;
				CLANG_WARN_UNGUARDED_AVAILABILITY = YES_AGGRESSIVE;
				CLANG_WARN_UNREACHABLE_CODE = YES;
				CLANG_WARN__DUPLICATE_METHOD_MATCH = YES;
				COPY_PHASE_STRIP = NO;
				DEBUG_INFORMATION_FORMAT = "dwarf-with-dsym";
				ENABLE_NS_ASSERTIONS = NO;
				ENABLE_STRICT_OBJC_MSGSEND = YES;
				ENABLE_USER_SCRIPT_SANDBOXING = YES;
				GCC_C_LANGUAGE_STANDARD = gnu17;
				GCC_NO_COMMON_BLOCKS = YES;
				GCC_WARN_64_TO_32_BIT_CONVERSION = YES;
				GCC_WARN_ABOUT_RETURN_TYPE = YES_ERROR;
				GCC_WARN_UNDECLARED_SELECTOR = YES;
				GCC_WARN_UNINITIALIZED_AUTOS = YES_AGGRESSIVE;
				GCC_WARN_UNUSED_FUNCTION = YES;
				GCC_WARN_UNUSED_VARIABLE = YES;
				IPHONEOS_DEPLOYMENT_TARGET = 17.5;
				LOCALIZATION_PREFERS_STRING_CATALOGS = YES;
				MTL_ENABLE_DEBUG_INFO = NO;
				MTL_FAST_MATH = YES;
				SDKROOT = iphoneos;
				SWIFT_COMPILATION_MODE = wholemodule;
				VALIDATE_PRODUCT = YES;
			};
			name = Release;
		};
		315AE2D42D04879000967F1F /* Debug */ = {
			isa = XCBuildConfiguration;
			baseConfigurationReference = B1CC3518BFD87A798FADAE50 /* Pods-translator.debug.xcconfig */;
			buildSettings = {
				ASSETCATALOG_COMPILER_APPICON_NAME = AppIcon;
				ASSETCATALOG_COMPILER_GLOBAL_ACCENT_COLOR_NAME = AccentColor;
				CODE_SIGN_STYLE = Automatic;
				CURRENT_PROJECT_VERSION = 1;
				DEVELOPMENT_TEAM = KDK5MPQK4U;
				GENERATE_INFOPLIST_FILE = YES;
				INFOPLIST_FILE = translator/Info.plist;
				INFOPLIST_KEY_UIApplicationSupportsIndirectInputEvents = YES;
				INFOPLIST_KEY_UILaunchStoryboardName = LaunchScreen;
				INFOPLIST_KEY_UISupportedInterfaceOrientations = UIInterfaceOrientationPortrait;
				INFOPLIST_KEY_UISupportedInterfaceOrientations_iPad = "UIInterfaceOrientationLandscapeLeft UIInterfaceOrientationLandscapeRight UIInterfaceOrientationPortrait UIInterfaceOrientationPortraitUpsideDown";
				LD_RUNPATH_SEARCH_PATHS = (
					"$(inherited)",
					"@executable_path/Frameworks",
				);
				MARKETING_VERSION = 1.0;
				PRODUCT_BUNDLE_IDENTIFIER = com.example.translator;
				PRODUCT_NAME = "$(TARGET_NAME)";
				SWIFT_EMIT_LOC_STRINGS = YES;
				SWIFT_VERSION = 5.0;
				TARGETED_DEVICE_FAMILY = "1,2";
			};
			name = Debug;
		};
		315AE2D52D04879000967F1F /* Release */ = {
			isa = XCBuildConfiguration;
			baseConfigurationReference = F74A7F5AAEC8AC570FCA5917 /* Pods-translator.release.xcconfig */;
			buildSettings = {
				ASSETCATALOG_COMPILER_APPICON_NAME = AppIcon;
				ASSETCATALOG_COMPILER_GLOBAL_ACCENT_COLOR_NAME = AccentColor;
				CODE_SIGN_STYLE = Automatic;
				CURRENT_PROJECT_VERSION = 1;
				DEVELOPMENT_TEAM = KDK5MPQK4U;
				GENERATE_INFOPLIST_FILE = YES;
				INFOPLIST_FILE = translator/Info.plist;
				INFOPLIST_KEY_UIApplicationSupportsIndirectInputEvents = YES;
				INFOPLIST_KEY_UILaunchStoryboardName = LaunchScreen;
				INFOPLIST_KEY_UISupportedInterfaceOrientations = UIInterfaceOrientationPortrait;
				INFOPLIST_KEY_UISupportedInterfaceOrientations_iPad = "UIInterfaceOrientationLandscapeLeft UIInterfaceOrientationLandscapeRight UIInterfaceOrientationPortrait UIInterfaceOrientationPortraitUpsideDown";
				LD_RUNPATH_SEARCH_PATHS = (
					"$(inherited)",
					"@executable_path/Frameworks",
				);
				MARKETING_VERSION = 1.0;
				PRODUCT_BUNDLE_IDENTIFIER = com.example.translator;
				PRODUCT_NAME = "$(TARGET_NAME)";
				SWIFT_EMIT_LOC_STRINGS = YES;
				SWIFT_VERSION = 5.0;
				TARGETED_DEVICE_FAMILY = "1,2";
			};
			name = Release;
		};
/* End XCBuildConfiguration section */

/* Begin XCConfigurationList section */
		315AE2BA2D04878F00967F1F /* Build configuration list for PBXProject "translator" */ = {
			isa = XCConfigurationList;
			buildConfigurations = (
				315AE2D12D04879000967F1F /* Debug */,
				315AE2D22D04879000967F1F /* Release */,
			);
			defaultConfigurationIsVisible = 0;
			defaultConfigurationName = Release;
		};
		315AE2D32D04879000967F1F /* Build configuration list for PBXNativeTarget "translator" */ = {
			isa = XCConfigurationList;
			buildConfigurations = (
				315AE2D42D04879000967F1F /* Debug */,
				315AE2D52D04879000967F1F /* Release */,
			);
			defaultConfigurationIsVisible = 0;
			defaultConfigurationName = Release;
		};
/* End XCConfigurationList section */
	};
	rootObject = 315AE2B72D04878F00967F1F /* Project object */;
}
